
Microsoft Visual Studio Solution File, Format Version 12.00
# Visual Studio Version 17
VisualStudioVersion = 17.6.33815.320
MinimumVisualStudioVersion = 10.0.40219.1
Project("{FAE04EC0-301F-11D3-BF4B-00C04F79EFBC}") = "LMSSystemAPI", "LMSSystemAPI\LMSSystemAPI.csproj", "{A2D453DB-B281-4396-A9FF-846E0D59B6A8}"
EndProject
Global
	GlobalSection(SolutionConfigurationPlatforms) = preSolution
		Debug|Any CPU = Debug|Any CPU
		Release|Any CPU = Release|Any CPU
	EndGlobalSection
	GlobalSection(ProjectConfigurationPlatforms) = postSolution
		{A2D453DB-B281-4396-A9FF-846E0D59B6A8}.Debug|Any CPU.ActiveCfg = Debug|Any CPU
		{A2D453DB-B281-4396-A9FF-846E0D59B6A8}.Debug|Any CPU.Build.0 = Debug|Any CPU
		{A2D453DB-B281-4396-A9FF-846E0D59B6A8}.Release|Any CPU.ActiveCfg = Release|Any CPU
		{A2D453DB-B281-4396-A9FF-846E0D59B6A8}.Release|Any CPU.Build.0 = Release|Any CPU
	EndGlobalSection
	GlobalSection(SolutionProperties) = preSolution
		HideSolutionNode = FALSE
	EndGlobalSection
	GlobalSection(ExtensibilityGlobals) = postSolution
		SolutionGuid = {713BC79C-94A0-4D43-9B6A-3A6C9D19CFA8}
	EndGlobalSection
EndGlobal
